
Microsoft Visual Studio Solution File, Format Version 12.00
# Visual Studio Version 16
VisualStudioVersion = 16.0.31005.135
MinimumVisualStudioVersion = 10.0.40219.1
Project("{FAE04EC0-301F-11D3-BF4B-00C04F79EFBC}") = "6.cviceni", "6.cviceni.csproj", "{D0049571-A78C-4FCD-9CC1-C5DC51B7D00F}"
EndProject
Global
	GlobalSection(SolutionConfigurationPlatforms) = preSolution
		Debug|Any CPU = Debug|Any CPU
		Release|Any CPU = Release|Any CPU
	EndGlobalSection
	GlobalSection(ProjectConfigurationPlatforms) = postSolution
		{D0049571-A78C-4FCD-9CC1-C5DC51B7D00F}.Debug|Any CPU.ActiveCfg = Debug|Any CPU
		{D0049571-A78C-4FCD-9CC1-C5DC51B7D00F}.Debug|Any CPU.Build.0 = Debug|Any CPU
		{D0049571-A78C-4FCD-9CC1-C5DC51B7D00F}.Release|Any CPU.ActiveCfg = Release|Any CPU
		{D0049571-A78C-4FCD-9CC1-C5DC51B7D00F}.Release|Any CPU.Build.0 = Release|Any CPU
	EndGlobalSection
	GlobalSection(SolutionProperties) = preSolution
		HideSolutionNode = FALSE
	EndGlobalSection
	GlobalSection(ExtensibilityGlobals) = postSolution
		SolutionGuid = {C4F8DA90-C662-4CCA-AC49-609C0D18C2EC}
	EndGlobalSection
EndGlobal
